{
  "originHash" : "e5f120e55d15949a42f700c3379393c52302803bcdaf2ea9ed657179a0276b17",
  "pins" : [
    {
      "identity" : "devicekit",
      "kind" : "remoteSourceControl",
      "location" : "https://github.com/devicekit/DeviceKit",
      "state" : {
        "revision" : "56b997e8a61707218f9af09f32b2a1d1806fd792",
        "version" : "5.8.0"
      }
    },
    {
      "identity" : "partyui",
      "kind" : "remoteSourceControl",
      "location" : "https://github.com/jailbreakdotparty/PartyUI",
      "state" : {
        "revision" : "28dbba40758752297c9052901684c99d0a6cd17a",
        "version" : "0.4.0"
      }
    }
  ],
  "version" : 3
}
