{
  "originHash" : "dd2b5d1e417564a5a8e37410c933b4262dbb12d873c898154515c25ef7e3b2d4",
  "pins" : [
    {
      "identity" : "devicekit",
      "kind" : "remoteSourceControl",
      "location" : "https://github.com/devicekit/DeviceKit",
      "state" : {
        "revision" : "56b997e8a61707218f9af09f32b2a1d1806fd792",
        "version" : "5.8.0"
      }
    },
    {
      "identity" : "fluidgradient",
      "kind" : "remoteSourceControl",
      "location" : "https://github.com/Cindori/FluidGradient.git",
      "state" : {
        "revision" : "9ddda4cf23671ef0228e88681ec6210cb3e0d7f7",
        "version" : "1.0.0"
      }
    },
    {
      "identity" : "sfsymbolspickerforswiftui",
      "kind" : "remoteSourceControl",
      "location" : "https://github.com/alessiorubicini/SFSymbolsPickerForSwiftUI.git",
      "state" : {
        "revision" : "73c909b8a7fc77a30dd04208e33f759f8b52c4c8",
        "version" : "1.0.6"
      }
    }
  ],
  "version" : 3
}
