{
  "originHash" : "9d68e6cb33c458b06143bbc5a2d979f510f29b4d65e030f64f05f4adda9d158a",
  "pins" : [
    {
      "identity" : "devicekit",
      "kind" : "remoteSourceControl",
      "location" : "https://github.com/devicekit/DeviceKit",
      "state" : {
        "revision" : "56b997e8a61707218f9af09f32b2a1d1806fd792",
        "version" : "5.8.0"
      }
    }
  ],
  "version" : 3
}
